// !$*UTF8*$!
{
	archiveVersion = 1;
	classes = {
	};
	objectVersion = 46;
	objects = {

/* Begin PBXBuildFile section */
		68D2B6821D6447190092EBBD /* AppDelegate.swift in Sources */ = {isa = PBXBuildFile; fileRef = 68D2B6811D6447190092EBBD /* AppDelegate.swift */; };
		68D2B6841D6447190092EBBD /* ViewController.swift in Sources */ = {isa = PBXBuildFile; fileRef = 68D2B6831D6447190092EBBD /* ViewController.swift */; };
		68D2B6871D6447190092EBBD /* Main.storyboard in Resources */ = {isa = PBXBuildFile; fileRef = 68D2B6851D6447190092EBBD /* Main.storyboard */; };
		68D2B6891D6447190092EBBD /* Assets.xcassets in Resources */ = {isa = PBXBuildFile; fileRef = 68D2B6881D6447190092EBBD /* Assets.xcassets */; };
		68D2B68C1D6447190092EBBD /* LaunchScreen.storyboard in Resources */ = {isa = PBXBuildFile; fileRef = 68D2B68A1D6447190092EBBD /* LaunchScreen.storyboard */; };
/* End PBXBuildFile section */

/* Begin PBXFileReference section */
		68D2B67E1D6447190092EBBD /* TheBasics.app */ = {isa = PBXFileReference; explicitFileType = wrapper.application; includeInIndex = 0; path = TheBasics.app; sourceTree = BUILT_PRODUCTS_DIR; };
		68D2B6811D6447190092EBBD /* AppDelegate.swift */ = {isa = PBXFileReference; lastKnownFileType = sourcecode.swift; path = AppDelegate.swift; sourceTree = "<group>"; };
		68D2B6831D6447190092EBBD /* ViewController.swift */ = {isa = PBXFileReference; lastKnownFileType = sourcecode.swift; path = ViewController.swift; sourceTree = "<group>"; };
		68D2B6861D6447190092EBBD /* Base */ = {isa = PBXFileReference; lastKnownFileType = file.storyboard; name = Base; path = Base.lproj/Main.storyboard; sourceTree = "<group>"; };
		68D2B6881D6447190092EBBD /* Assets.xcassets */ = {isa = PBXFileReference; lastKnownFileType = folder.assetcatalog; path = Assets.xcassets; sourceTree = "<group>"; };
		68D2B68B1D6447190092EBBD /* Base */ = {isa = PBXFileReference; lastKnownFileType = file.storyboard; name = Base; path = Base.lproj/LaunchScreen.storyboard; sourceTree = "<group>"; };
		68D2B68D1D6447190092EBBD /* Info.plist */ = {isa = PBXFileReference; lastKnownFileType = text.plist.xml; path = Info.plist; sourceTree = "<group>"; };
/* End PBXFileReference section */

/* Begin PBXFrameworksBuildPhase section */
		68D2B67B1D6447190092EBBD /* Frameworks */ = {
			isa = PBXFrameworksBuildPhase;
			buildActionMask = 2147483647;
			files = (
			);
			runOnlyForDeploymentPostprocessing = 0;
		};
/* End PBXFrameworksBuildPhase section */

/* Begin PBXGroup section */
		68D2B6751D6447190092EBBD = {
			isa = PBXGroup;
			children = (
				68D2B6801D6447190092EBBD /* TheBasics */,
				68D2B67F1D6447190092EBBD /* Products */,
			);
			sourceTree = "<group>";
		};
		68D2B67F1D6447190092EBBD /* Products */ = {
			isa = PBXGroup;
			children = (
				68D2B67E1D6447190092EBBD /* TheBasics.app */,
			);
			name = Products;
			sourceTree = "<group>";
		};
		68D2B6801D6447190092EBBD /* TheBasics */ = {
			isa = PBXGroup;
			children = (
				68D2B6811D6447190092EBBD /* AppDelegate.swift */,
				68D2B6831D6447190092EBBD /* ViewController.swift */,
				68D2B6851D6447190092EBBD /* Main.storyboard */,
				68D2B6881D6447190092EBBD /* Assets.xcassets */,
				68D2B68A1D6447190092EBBD /* LaunchScreen.storyboard */,
				68D2B68D1D6447190092EBBD /* Info.plist */,
			);
			path = TheBasics;
			sourceTree = "<group>";
		};
/* End PBXGroup section */

/* Begin PBXNativeTarget section */
		68D2B67D1D6447190092EBBD /* TheBasics */ = {
			isa = PBXNativeTarget;
			buildConfigurationList = 68D2B6901D6447190092EBBD /* Build configuration list for PBXNativeTarget "TheBasics" */;
			buildPhases = (
				68D2B67A1D6447190092EBBD /* Sources */,
				68D2B67B1D6447190092EBBD /* Frameworks */,
				68D2B67C1D6447190092EBBD /* Resources */,
			);
			buildRules = (
			);
			dependencies = (
			);
			name = TheBasics;
			productName = TheBasics;
			productReference = 68D2B67E1D6447190092EBBD /* TheBasics.app */;
			productType = "com.apple.product-type.application";
		};
/* End PBXNativeTarget section */

/* Begin PBXProject section */
		68D2B6761D6447190092EBBD /* Project object */ = {
			isa = PBXProject;
			attributes = {
				LastSwiftUpdateCheck = 0730;
				LastUpgradeCheck = 0730;
				ORGANIZATIONNAME = "韩威";
				TargetAttributes = {
					68D2B67D1D6447190092EBBD = {
						CreatedOnToolsVersion = 7.3.1;
					};
				};
			};
			buildConfigurationList = 68D2B6791D6447190092EBBD /* Build configuration list for PBXProject "TheBasics" */;
			compatibilityVersion = "Xcode 3.2";
			developmentRegion = English;
			hasScannedForEncodings = 0;
			knownRegions = (
				en,
				Base,
			);
			mainGroup = 68D2B6751D6447190092EBBD;
			productRefGroup = 68D2B67F1D6447190092EBBD /* Products */;
			projectDirPath = "";
			projectRoot = "";
			targets = (
				68D2B67D1D6447190092EBBD /* TheBasics */,
			);
		};
/* End PBXProject section */

/* Begin PBXResourcesBuildPhase section */
		68D2B67C1D6447190092EBBD /* Resources */ = {
			isa = PBXResourcesBuildPhase;
			buildActionMask = 2147483647;
			files = (
				68D2B68C1D6447190092EBBD /* LaunchScreen.storyboard in Resources */,
				68D2B6891D6447190092EBBD /* Assets.xcassets in Resources */,
				68D2B6871D6447190092EBBD /* Main.storyboard in Resources */,
			);
			runOnlyForDeploymentPostprocessing = 0;
		};
/* End PBXResourcesBuildPhase section */

/* Begin PBXSourcesBuildPhase section */
		68D2B67A1D6447190092EBBD /* Sources */ = {
			isa = PBXSourcesBuildPhase;
			buildActionMask = 2147483647;
			files = (
				68D2B6841D6447190092EBBD /* ViewController.swift in Sources */,
				68D2B6821D6447190092EBBD /* AppDelegate.swift in Sources */,
			);
			runOnlyForDeploymentPostprocessing = 0;
		};
/* End PBXSourcesBuildPhase section */

/* Begin PBXVariantGroup section */
		68D2B6851D6447190092EBBD /* Main.storyboard */ = {
			isa = PBXVariantGroup;
			children = (
				68D2B6861D6447190092EBBD /* Base */,
			);
			name = Main.storyboard;
			sourceTree = "<group>";
		};
		68D2B68A1D6447190092EBBD /* LaunchScreen.storyboard */ = {
			isa = PBXVariantGroup;
			children = (
				68D2B68B1D6447190092EBBD /* Base */,
			);
			name = LaunchScreen.storyboard;
			sourceTree = "<group>";
		};
/* End PBXVariantGroup section */

/* Begin XCBuildConfiguration section */
		68D2B68E1D6447190092EBBD /* Debug */ = {
			isa = XCBuildConfiguration;
			buildSettings = {
				ALWAYS_SEARCH_USER_PATHS = NO;
				CLANG_ANALYZER_NONNULL = YES;
				CLANG_CXX_LANGUAGE_STANDARD = "gnu++0x";
				CLANG_CXX_LIBRARY = "libc++";
				CLANG_ENABLE_MODULES = YES;
				CLANG_ENABLE_OBJC_ARC = YES;
				CLANG_WARN_BOOL_CONVERSION = YES;
				CLANG_WARN_CONSTANT_CONVERSION = YES;
				CLANG_WARN_DIRECT_OBJC_ISA_USAGE = YES_ERROR;
				CLANG_WARN_EMPTY_BODY = YES;
				CLANG_WARN_ENUM_CONVERSION = YES;
				CLANG_WARN_INT_CONVERSION = YES;
				CLANG_WARN_OBJC_ROOT_CLASS = YES_ERROR;
				CLANG_WARN_UNREACHABLE_CODE = YES;
				CLANG_WARN__DUPLICATE_METHOD_MATCH = YES;
				"CODE_SIGN_IDENTITY[sdk=iphoneos*]" = "iPhone Developer";
				COPY_PHASE_STRIP = NO;
				DEBUG_INFORMATION_FORMAT = dwarf;
				ENABLE_STRICT_OBJC_MSGSEND = YES;
				ENABLE_TESTABILITY = YES;
				GCC_C_LANGUAGE_STANDARD = gnu99;
				GCC_DYNAMIC_NO_PIC = NO;
				GCC_NO_COMMON_BLOCKS = YES;
				GCC_OPTIMIZATION_LEVEL = 0;
				GCC_PREPROCESSOR_DEFINITIONS = (
					"DEBUG=1",
					"$(inherited)",
				);
				GCC_WARN_64_TO_32_BIT_CONVERSION = YES;
				GCC_WARN_ABOUT_RETURN_TYPE = YES_ERROR;
				GCC_WARN_UNDECLARED_SELECTOR = YES;
				GCC_WARN_UNINITIALIZED_AUTOS = YES_AGGRESSIVE;
				GCC_WARN_UNUSED_FUNCTION = YES;
				GCC_WARN_UNUSED_VARIABLE = YES;
				IPHONEOS_DEPLOYMENT_TARGET = 9.3;
				MTL_ENABLE_DEBUG_INFO = YES;
				ONLY_ACTIVE_ARCH = YES;
				SDKROOT = iphoneos;
				SWIFT_OPTIMIZATION_LEVEL = "-Onone";
				TARGETED_DEVICE_FAMILY = "1,2";
			};
			name = Debug;
		};
		68D2B68F1D6447190092EBBD /* Release */ = {
			isa = XCBuildConfiguration;
			buildSettings = {
				ALWAYS_SEARCH_USER_PATHS = NO;
				CLANG_ANALYZER_NONNULL = YES;
				CLANG_CXX_LANGUAGE_STANDARD = "gnu++0x";
				CLANG_CXX_LIBRARY = "libc++";
				CLANG_ENABLE_MODULES = YES;
				CLANG_ENABLE_OBJC_ARC = YES;
				CLANG_WARN_BOOL_CONVERSION = YES;
				CLANG_WARN_CONSTANT_CONVERSION = YES;
				CLANG_WARN_DIRECT_OBJC_ISA_USAGE = YES_ERROR;
				CLANG_WARN_EMPTY_BODY = YES;
				CLANG_WARN_ENUM_CONVERSION = YES;
				CLANG_WARN_INT_CONVERSION = YES;
				CLANG_WARN_OBJC_ROOT_CLASS = YES_ERROR;
				CLANG_WARN_UNREACHABLE_CODE = YES;
				CLANG_WARN__DUPLICATE_METHOD_MATCH = YES;
				"CODE_SIGN_IDENTITY[sdk=iphoneos*]" = "iPhone Developer";
				COPY_PHASE_STRIP = NO;
				DEBUG_INFORMATION_FORMAT = "dwarf-with-dsym";
				ENABLE_NS_ASSERTIONS = NO;
				ENABLE_STRICT_OBJC_MSGSEND = YES;
				GCC_C_LANGUAGE_STANDARD = gnu99;
				GCC_NO_COMMON_BLOCKS = YES;
				GCC_WARN_64_TO_32_BIT_CONVERSION = YES;
				GCC_WARN_ABOUT_RETURN_TYPE = YES_ERROR;
				GCC_WARN_UNDECLARED_SELECTOR = YES;
				GCC_WARN_UNINITIALIZED_AUTOS = YES_AGGRESSIVE;
				GCC_WARN_UNUSED_FUNCTION = YES;
				GCC_WARN_UNUSED_VARIABLE = YES;
				IPHONEOS_DEPLOYMENT_TARGET = 9.3;
				MTL_ENABLE_DEBUG_INFO = NO;
				SDKROOT = iphoneos;
				TARGETED_DEVICE_FAMILY = "1,2";
				VALIDATE_PRODUCT = YES;
			};
			name = Release;
		};
		68D2B6911D6447190092EBBD /* Debug */ = {
			isa = XCBuildConfiguration;
			buildSettings = {
				ASSETCATALOG_COMPILER_APPICON_NAME = AppIcon;
				INFOPLIST_FILE = TheBasics/Info.plist;
				LD_RUNPATH_SEARCH_PATHS = "$(inherited) @executable_path/Frameworks";
				PRODUCT_BUNDLE_IDENTIFIER = com.hanwei.TheBasics;
				PRODUCT_NAME = "$(TARGET_NAME)";
			};
			name = Debug;
		};
		68D2B6921D6447190092EBBD /* Release */ = {
			isa = XCBuildConfiguration;
			buildSettings = {
				ASSETCATALOG_COMPILER_APPICON_NAME = AppIcon;
				INFOPLIST_FILE = TheBasics/Info.plist;
				LD_RUNPATH_SEARCH_PATHS = "$(inherited) @executable_path/Frameworks";
				PRODUCT_BUNDLE_IDENTIFIER = com.hanwei.TheBasics;
				PRODUCT_NAME = "$(TARGET_NAME)";
			};
			name = Release;
		};
/* End XCBuildConfiguration section */

/* Begin XCConfigurationList section */
		68D2B6791D6447190092EBBD /* Build configuration list for PBXProject "TheBasics" */ = {
			isa = XCConfigurationList;
			buildConfigurations = (
				68D2B68E1D6447190092EBBD /* Debug */,
				68D2B68F1D6447190092EBBD /* Release */,
			);
			defaultConfigurationIsVisible = 0;
			defaultConfigurationName = Release;
		};
		68D2B6901D6447190092EBBD /* Build configuration list for PBXNativeTarget "TheBasics" */ = {
			isa = XCConfigurationList;
			buildConfigurations = (
				68D2B6911D6447190092EBBD /* Debug */,
				68D2B6921D6447190092EBBD /* Release */,
			);
			defaultConfigurationIsVisible = 0;
		};
/* End XCConfigurationList section */
	};
	rootObject = 68D2B6761D6447190092EBBD /* Project object */;
}
