// !$*UTF8*$!
{
	archiveVersion = 1;
	classes = {
	};
	objectVersion = 46;
	objects = {

/* Begin PBXBuildFile section */
		682C8C0D1D669EBF006E907B /* AppDelegate.swift in Sources */ = {isa = PBXBuildFile; fileRef = 682C8C0C1D669EBF006E907B /* AppDelegate.swift */; };
		682C8C0F1D669EBF006E907B /* ViewController.swift in Sources */ = {isa = PBXBuildFile; fileRef = 682C8C0E1D669EBF006E907B /* ViewController.swift */; };
		682C8C121D669EBF006E907B /* Main.storyboard in Resources */ = {isa = PBXBuildFile; fileRef = 682C8C101D669EBF006E907B /* Main.storyboard */; };
		682C8C141D669EBF006E907B /* Assets.xcassets in Resources */ = {isa = PBXBuildFile; fileRef = 682C8C131D669EBF006E907B /* Assets.xcassets */; };
		682C8C171D669EBF006E907B /* LaunchScreen.storyboard in Resources */ = {isa = PBXBuildFile; fileRef = 682C8C151D669EBF006E907B /* LaunchScreen.storyboard */; };
		682C8C1F1D66B721006E907B /* SecViewController.swift in Sources */ = {isa = PBXBuildFile; fileRef = 682C8C1E1D66B721006E907B /* SecViewController.swift */; };
		682C8C211D66C87D006E907B /* RootViewController.swift in Sources */ = {isa = PBXBuildFile; fileRef = 682C8C201D66C87D006E907B /* RootViewController.swift */; };
/* End PBXBuildFile section */

/* Begin PBXFileReference section */
		682C8C091D669EBF006E907B /* Closures.app */ = {isa = PBXFileReference; explicitFileType = wrapper.application; includeInIndex = 0; path = Closures.app; sourceTree = BUILT_PRODUCTS_DIR; };
		682C8C0C1D669EBF006E907B /* AppDelegate.swift */ = {isa = PBXFileReference; lastKnownFileType = sourcecode.swift; path = AppDelegate.swift; sourceTree = "<group>"; };
		682C8C0E1D669EBF006E907B /* ViewController.swift */ = {isa = PBXFileReference; lastKnownFileType = sourcecode.swift; path = ViewController.swift; sourceTree = "<group>"; };
		682C8C111D669EBF006E907B /* Base */ = {isa = PBXFileReference; lastKnownFileType = file.storyboard; name = Base; path = Base.lproj/Main.storyboard; sourceTree = "<group>"; };
		682C8C131D669EBF006E907B /* Assets.xcassets */ = {isa = PBXFileReference; lastKnownFileType = folder.assetcatalog; path = Assets.xcassets; sourceTree = "<group>"; };
		682C8C161D669EBF006E907B /* Base */ = {isa = PBXFileReference; lastKnownFileType = file.storyboard; name = Base; path = Base.lproj/LaunchScreen.storyboard; sourceTree = "<group>"; };
		682C8C181D669EBF006E907B /* Info.plist */ = {isa = PBXFileReference; lastKnownFileType = text.plist.xml; path = Info.plist; sourceTree = "<group>"; };
		682C8C1E1D66B721006E907B /* SecViewController.swift */ = {isa = PBXFileReference; fileEncoding = 4; lastKnownFileType = sourcecode.swift; path = SecViewController.swift; sourceTree = "<group>"; };
		682C8C201D66C87D006E907B /* RootViewController.swift */ = {isa = PBXFileReference; fileEncoding = 4; lastKnownFileType = sourcecode.swift; path = RootViewController.swift; sourceTree = "<group>"; };
/* End PBXFileReference section */

/* Begin PBXFrameworksBuildPhase section */
		682C8C061D669EBF006E907B /* Frameworks */ = {
			isa = PBXFrameworksBuildPhase;
			buildActionMask = 2147483647;
			files = (
			);
			runOnlyForDeploymentPostprocessing = 0;
		};
/* End PBXFrameworksBuildPhase section */

/* Begin PBXGroup section */
		682C8C001D669EBF006E907B = {
			isa = PBXGroup;
			children = (
				682C8C0B1D669EBF006E907B /* Closures */,
				682C8C0A1D669EBF006E907B /* Products */,
			);
			sourceTree = "<group>";
		};
		682C8C0A1D669EBF006E907B /* Products */ = {
			isa = PBXGroup;
			children = (
				682C8C091D669EBF006E907B /* Closures.app */,
			);
			name = Products;
			sourceTree = "<group>";
		};
		682C8C0B1D669EBF006E907B /* Closures */ = {
			isa = PBXGroup;
			children = (
				682C8C0C1D669EBF006E907B /* AppDelegate.swift */,
				682C8C0E1D669EBF006E907B /* ViewController.swift */,
				682C8C1E1D66B721006E907B /* SecViewController.swift */,
				682C8C201D66C87D006E907B /* RootViewController.swift */,
				682C8C101D669EBF006E907B /* Main.storyboard */,
				682C8C131D669EBF006E907B /* Assets.xcassets */,
				682C8C151D669EBF006E907B /* LaunchScreen.storyboard */,
				682C8C181D669EBF006E907B /* Info.plist */,
			);
			path = Closures;
			sourceTree = "<group>";
		};
/* End PBXGroup section */

/* Begin PBXNativeTarget section */
		682C8C081D669EBF006E907B /* Closures */ = {
			isa = PBXNativeTarget;
			buildConfigurationList = 682C8C1B1D669EBF006E907B /* Build configuration list for PBXNativeTarget "Closures" */;
			buildPhases = (
				682C8C051D669EBF006E907B /* Sources */,
				682C8C061D669EBF006E907B /* Frameworks */,
				682C8C071D669EBF006E907B /* Resources */,
			);
			buildRules = (
			);
			dependencies = (
			);
			name = Closures;
			productName = Closures;
			productReference = 682C8C091D669EBF006E907B /* Closures.app */;
			productType = "com.apple.product-type.application";
		};
/* End PBXNativeTarget section */

/* Begin PBXProject section */
		682C8C011D669EBF006E907B /* Project object */ = {
			isa = PBXProject;
			attributes = {
				LastSwiftUpdateCheck = 0730;
				LastUpgradeCheck = 0730;
				ORGANIZATIONNAME = "韩威";
				TargetAttributes = {
					682C8C081D669EBF006E907B = {
						CreatedOnToolsVersion = 7.3.1;
					};
				};
			};
			buildConfigurationList = 682C8C041D669EBF006E907B /* Build configuration list for PBXProject "Closures" */;
			compatibilityVersion = "Xcode 3.2";
			developmentRegion = English;
			hasScannedForEncodings = 0;
			knownRegions = (
				en,
				Base,
			);
			mainGroup = 682C8C001D669EBF006E907B;
			productRefGroup = 682C8C0A1D669EBF006E907B /* Products */;
			projectDirPath = "";
			projectRoot = "";
			targets = (
				682C8C081D669EBF006E907B /* Closures */,
			);
		};
/* End PBXProject section */

/* Begin PBXResourcesBuildPhase section */
		682C8C071D669EBF006E907B /* Resources */ = {
			isa = PBXResourcesBuildPhase;
			buildActionMask = 2147483647;
			files = (
				682C8C171D669EBF006E907B /* LaunchScreen.storyboard in Resources */,
				682C8C141D669EBF006E907B /* Assets.xcassets in Resources */,
				682C8C121D669EBF006E907B /* Main.storyboard in Resources */,
			);
			runOnlyForDeploymentPostprocessing = 0;
		};
/* End PBXResourcesBuildPhase section */

/* Begin PBXSourcesBuildPhase section */
		682C8C051D669EBF006E907B /* Sources */ = {
			isa = PBXSourcesBuildPhase;
			buildActionMask = 2147483647;
			files = (
				682C8C0F1D669EBF006E907B /* ViewController.swift in Sources */,
				682C8C0D1D669EBF006E907B /* AppDelegate.swift in Sources */,
				682C8C211D66C87D006E907B /* RootViewController.swift in Sources */,
				682C8C1F1D66B721006E907B /* SecViewController.swift in Sources */,
			);
			runOnlyForDeploymentPostprocessing = 0;
		};
/* End PBXSourcesBuildPhase section */

/* Begin PBXVariantGroup section */
		682C8C101D669EBF006E907B /* Main.storyboard */ = {
			isa = PBXVariantGroup;
			children = (
				682C8C111D669EBF006E907B /* Base */,
			);
			name = Main.storyboard;
			sourceTree = "<group>";
		};
		682C8C151D669EBF006E907B /* LaunchScreen.storyboard */ = {
			isa = PBXVariantGroup;
			children = (
				682C8C161D669EBF006E907B /* Base */,
			);
			name = LaunchScreen.storyboard;
			sourceTree = "<group>";
		};
/* End PBXVariantGroup section */

/* Begin XCBuildConfiguration section */
		682C8C191D669EBF006E907B /* Debug */ = {
			isa = XCBuildConfiguration;
			buildSettings = {
				ALWAYS_SEARCH_USER_PATHS = NO;
				CLANG_ANALYZER_NONNULL = YES;
				CLANG_CXX_LANGUAGE_STANDARD = "gnu++0x";
				CLANG_CXX_LIBRARY = "libc++";
				CLANG_ENABLE_MODULES = YES;
				CLANG_ENABLE_OBJC_ARC = YES;
				CLANG_WARN_BOOL_CONVERSION = YES;
				CLANG_WARN_CONSTANT_CONVERSION = YES;
				CLANG_WARN_DIRECT_OBJC_ISA_USAGE = YES_ERROR;
				CLANG_WARN_EMPTY_BODY = YES;
				CLANG_WARN_ENUM_CONVERSION = YES;
				CLANG_WARN_INT_CONVERSION = YES;
				CLANG_WARN_OBJC_ROOT_CLASS = YES_ERROR;
				CLANG_WARN_UNREACHABLE_CODE = YES;
				CLANG_WARN__DUPLICATE_METHOD_MATCH = YES;
				"CODE_SIGN_IDENTITY[sdk=iphoneos*]" = "iPhone Developer";
				COPY_PHASE_STRIP = NO;
				DEBUG_INFORMATION_FORMAT = dwarf;
				ENABLE_STRICT_OBJC_MSGSEND = YES;
				ENABLE_TESTABILITY = YES;
				GCC_C_LANGUAGE_STANDARD = gnu99;
				GCC_DYNAMIC_NO_PIC = NO;
				GCC_NO_COMMON_BLOCKS = YES;
				GCC_OPTIMIZATION_LEVEL = 0;
				GCC_PREPROCESSOR_DEFINITIONS = (
					"DEBUG=1",
					"$(inherited)",
				);
				GCC_WARN_64_TO_32_BIT_CONVERSION = YES;
				GCC_WARN_ABOUT_RETURN_TYPE = YES_ERROR;
				GCC_WARN_UNDECLARED_SELECTOR = YES;
				GCC_WARN_UNINITIALIZED_AUTOS = YES_AGGRESSIVE;
				GCC_WARN_UNUSED_FUNCTION = YES;
				GCC_WARN_UNUSED_VARIABLE = YES;
				IPHONEOS_DEPLOYMENT_TARGET = 9.3;
				MTL_ENABLE_DEBUG_INFO = YES;
				ONLY_ACTIVE_ARCH = YES;
				SDKROOT = iphoneos;
				SWIFT_OPTIMIZATION_LEVEL = "-Onone";
				TARGETED_DEVICE_FAMILY = "1,2";
			};
			name = Debug;
		};
		682C8C1A1D669EBF006E907B /* Release */ = {
			isa = XCBuildConfiguration;
			buildSettings = {
				ALWAYS_SEARCH_USER_PATHS = NO;
				CLANG_ANALYZER_NONNULL = YES;
				CLANG_CXX_LANGUAGE_STANDARD = "gnu++0x";
				CLANG_CXX_LIBRARY = "libc++";
				CLANG_ENABLE_MODULES = YES;
				CLANG_ENABLE_OBJC_ARC = YES;
				CLANG_WARN_BOOL_CONVERSION = YES;
				CLANG_WARN_CONSTANT_CONVERSION = YES;
				CLANG_WARN_DIRECT_OBJC_ISA_USAGE = YES_ERROR;
				CLANG_WARN_EMPTY_BODY = YES;
				CLANG_WARN_ENUM_CONVERSION = YES;
				CLANG_WARN_INT_CONVERSION = YES;
				CLANG_WARN_OBJC_ROOT_CLASS = YES_ERROR;
				CLANG_WARN_UNREACHABLE_CODE = YES;
				CLANG_WARN__DUPLICATE_METHOD_MATCH = YES;
				"CODE_SIGN_IDENTITY[sdk=iphoneos*]" = "iPhone Developer";
				COPY_PHASE_STRIP = NO;
				DEBUG_INFORMATION_FORMAT = "dwarf-with-dsym";
				ENABLE_NS_ASSERTIONS = NO;
				ENABLE_STRICT_OBJC_MSGSEND = YES;
				GCC_C_LANGUAGE_STANDARD = gnu99;
				GCC_NO_COMMON_BLOCKS = YES;
				GCC_WARN_64_TO_32_BIT_CONVERSION = YES;
				GCC_WARN_ABOUT_RETURN_TYPE = YES_ERROR;
				GCC_WARN_UNDECLARED_SELECTOR = YES;
				GCC_WARN_UNINITIALIZED_AUTOS = YES_AGGRESSIVE;
				GCC_WARN_UNUSED_FUNCTION = YES;
				GCC_WARN_UNUSED_VARIABLE = YES;
				IPHONEOS_DEPLOYMENT_TARGET = 9.3;
				MTL_ENABLE_DEBUG_INFO = NO;
				SDKROOT = iphoneos;
				TARGETED_DEVICE_FAMILY = "1,2";
				VALIDATE_PRODUCT = YES;
			};
			name = Release;
		};
		682C8C1C1D669EBF006E907B /* Debug */ = {
			isa = XCBuildConfiguration;
			buildSettings = {
				ASSETCATALOG_COMPILER_APPICON_NAME = AppIcon;
				INFOPLIST_FILE = Closures/Info.plist;
				LD_RUNPATH_SEARCH_PATHS = "$(inherited) @executable_path/Frameworks";
				PRODUCT_BUNDLE_IDENTIFIER = com.hanwei.Closures;
				PRODUCT_NAME = "$(TARGET_NAME)";
				PROVISIONING_PROFILE = "a795bc5a-d29a-491c-a3d7-94462b6d96a4";
			};
			name = Debug;
		};
		682C8C1D1D669EBF006E907B /* Release */ = {
			isa = XCBuildConfiguration;
			buildSettings = {
				ASSETCATALOG_COMPILER_APPICON_NAME = AppIcon;
				INFOPLIST_FILE = Closures/Info.plist;
				LD_RUNPATH_SEARCH_PATHS = "$(inherited) @executable_path/Frameworks";
				PRODUCT_BUNDLE_IDENTIFIER = com.hanwei.Closures;
				PRODUCT_NAME = "$(TARGET_NAME)";
				PROVISIONING_PROFILE = "a795bc5a-d29a-491c-a3d7-94462b6d96a4";
			};
			name = Release;
		};
/* End XCBuildConfiguration section */

/* Begin XCConfigurationList section */
		682C8C041D669EBF006E907B /* Build configuration list for PBXProject "Closures" */ = {
			isa = XCConfigurationList;
			buildConfigurations = (
				682C8C191D669EBF006E907B /* Debug */,
				682C8C1A1D669EBF006E907B /* Release */,
			);
			defaultConfigurationIsVisible = 0;
			defaultConfigurationName = Release;
		};
		682C8C1B1D669EBF006E907B /* Build configuration list for PBXNativeTarget "Closures" */ = {
			isa = XCConfigurationList;
			buildConfigurations = (
				682C8C1C1D669EBF006E907B /* Debug */,
				682C8C1D1D669EBF006E907B /* Release */,
			);
			defaultConfigurationIsVisible = 0;
		};
/* End XCConfigurationList section */
	};
	rootObject = 682C8C011D669EBF006E907B /* Project object */;
}
