// !$*UTF8*$!
{
	archiveVersion = 1;
	classes = {
	};
	objectVersion = 46;
	objects = {

/* Begin PBXBuildFile section */
		682E1E8C1D7557D800E422BF /* AppDelegate.swift in Sources */ = {isa = PBXBuildFile; fileRef = 682E1E8B1D7557D800E422BF /* AppDelegate.swift */; };
		682E1E8E1D7557D800E422BF /* ViewController.swift in Sources */ = {isa = PBXBuildFile; fileRef = 682E1E8D1D7557D800E422BF /* ViewController.swift */; };
		682E1E911D7557D800E422BF /* Main.storyboard in Resources */ = {isa = PBXBuildFile; fileRef = 682E1E8F1D7557D800E422BF /* Main.storyboard */; };
		682E1E931D7557D800E422BF /* Assets.xcassets in Resources */ = {isa = PBXBuildFile; fileRef = 682E1E921D7557D800E422BF /* Assets.xcassets */; };
		682E1E961D7557D800E422BF /* LaunchScreen.storyboard in Resources */ = {isa = PBXBuildFile; fileRef = 682E1E941D7557D800E422BF /* LaunchScreen.storyboard */; };
/* End PBXBuildFile section */

/* Begin PBXFileReference section */
		682E1E881D7557D800E422BF /* Inheritance.app */ = {isa = PBXFileReference; explicitFileType = wrapper.application; includeInIndex = 0; path = Inheritance.app; sourceTree = BUILT_PRODUCTS_DIR; };
		682E1E8B1D7557D800E422BF /* AppDelegate.swift */ = {isa = PBXFileReference; lastKnownFileType = sourcecode.swift; path = AppDelegate.swift; sourceTree = "<group>"; };
		682E1E8D1D7557D800E422BF /* ViewController.swift */ = {isa = PBXFileReference; lastKnownFileType = sourcecode.swift; path = ViewController.swift; sourceTree = "<group>"; };
		682E1E901D7557D800E422BF /* Base */ = {isa = PBXFileReference; lastKnownFileType = file.storyboard; name = Base; path = Base.lproj/Main.storyboard; sourceTree = "<group>"; };
		682E1E921D7557D800E422BF /* Assets.xcassets */ = {isa = PBXFileReference; lastKnownFileType = folder.assetcatalog; path = Assets.xcassets; sourceTree = "<group>"; };
		682E1E951D7557D800E422BF /* Base */ = {isa = PBXFileReference; lastKnownFileType = file.storyboard; name = Base; path = Base.lproj/LaunchScreen.storyboard; sourceTree = "<group>"; };
		682E1E971D7557D800E422BF /* Info.plist */ = {isa = PBXFileReference; lastKnownFileType = text.plist.xml; path = Info.plist; sourceTree = "<group>"; };
/* End PBXFileReference section */

/* Begin PBXFrameworksBuildPhase section */
		682E1E851D7557D800E422BF /* Frameworks */ = {
			isa = PBXFrameworksBuildPhase;
			buildActionMask = 2147483647;
			files = (
			);
			runOnlyForDeploymentPostprocessing = 0;
		};
/* End PBXFrameworksBuildPhase section */

/* Begin PBXGroup section */
		682E1E7F1D7557D800E422BF = {
			isa = PBXGroup;
			children = (
				682E1E8A1D7557D800E422BF /* Inheritance */,
				682E1E891D7557D800E422BF /* Products */,
			);
			sourceTree = "<group>";
		};
		682E1E891D7557D800E422BF /* Products */ = {
			isa = PBXGroup;
			children = (
				682E1E881D7557D800E422BF /* Inheritance.app */,
			);
			name = Products;
			sourceTree = "<group>";
		};
		682E1E8A1D7557D800E422BF /* Inheritance */ = {
			isa = PBXGroup;
			children = (
				682E1E8B1D7557D800E422BF /* AppDelegate.swift */,
				682E1E8D1D7557D800E422BF /* ViewController.swift */,
				682E1E8F1D7557D800E422BF /* Main.storyboard */,
				682E1E921D7557D800E422BF /* Assets.xcassets */,
				682E1E941D7557D800E422BF /* LaunchScreen.storyboard */,
				682E1E971D7557D800E422BF /* Info.plist */,
			);
			path = Inheritance;
			sourceTree = "<group>";
		};
/* End PBXGroup section */

/* Begin PBXNativeTarget section */
		682E1E871D7557D800E422BF /* Inheritance */ = {
			isa = PBXNativeTarget;
			buildConfigurationList = 682E1E9A1D7557D800E422BF /* Build configuration list for PBXNativeTarget "Inheritance" */;
			buildPhases = (
				682E1E841D7557D800E422BF /* Sources */,
				682E1E851D7557D800E422BF /* Frameworks */,
				682E1E861D7557D800E422BF /* Resources */,
			);
			buildRules = (
			);
			dependencies = (
			);
			name = Inheritance;
			productName = Inheritance;
			productReference = 682E1E881D7557D800E422BF /* Inheritance.app */;
			productType = "com.apple.product-type.application";
		};
/* End PBXNativeTarget section */

/* Begin PBXProject section */
		682E1E801D7557D800E422BF /* Project object */ = {
			isa = PBXProject;
			attributes = {
				LastSwiftUpdateCheck = 0730;
				LastUpgradeCheck = 0730;
				ORGANIZATIONNAME = "韩威";
				TargetAttributes = {
					682E1E871D7557D800E422BF = {
						CreatedOnToolsVersion = 7.3.1;
					};
				};
			};
			buildConfigurationList = 682E1E831D7557D800E422BF /* Build configuration list for PBXProject "Inheritance" */;
			compatibilityVersion = "Xcode 3.2";
			developmentRegion = English;
			hasScannedForEncodings = 0;
			knownRegions = (
				en,
				Base,
			);
			mainGroup = 682E1E7F1D7557D800E422BF;
			productRefGroup = 682E1E891D7557D800E422BF /* Products */;
			projectDirPath = "";
			projectRoot = "";
			targets = (
				682E1E871D7557D800E422BF /* Inheritance */,
			);
		};
/* End PBXProject section */

/* Begin PBXResourcesBuildPhase section */
		682E1E861D7557D800E422BF /* Resources */ = {
			isa = PBXResourcesBuildPhase;
			buildActionMask = 2147483647;
			files = (
				682E1E961D7557D800E422BF /* LaunchScreen.storyboard in Resources */,
				682E1E931D7557D800E422BF /* Assets.xcassets in Resources */,
				682E1E911D7557D800E422BF /* Main.storyboard in Resources */,
			);
			runOnlyForDeploymentPostprocessing = 0;
		};
/* End PBXResourcesBuildPhase section */

/* Begin PBXSourcesBuildPhase section */
		682E1E841D7557D800E422BF /* Sources */ = {
			isa = PBXSourcesBuildPhase;
			buildActionMask = 2147483647;
			files = (
				682E1E8E1D7557D800E422BF /* ViewController.swift in Sources */,
				682E1E8C1D7557D800E422BF /* AppDelegate.swift in Sources */,
			);
			runOnlyForDeploymentPostprocessing = 0;
		};
/* End PBXSourcesBuildPhase section */

/* Begin PBXVariantGroup section */
		682E1E8F1D7557D800E422BF /* Main.storyboard */ = {
			isa = PBXVariantGroup;
			children = (
				682E1E901D7557D800E422BF /* Base */,
			);
			name = Main.storyboard;
			sourceTree = "<group>";
		};
		682E1E941D7557D800E422BF /* LaunchScreen.storyboard */ = {
			isa = PBXVariantGroup;
			children = (
				682E1E951D7557D800E422BF /* Base */,
			);
			name = LaunchScreen.storyboard;
			sourceTree = "<group>";
		};
/* End PBXVariantGroup section */

/* Begin XCBuildConfiguration section */
		682E1E981D7557D800E422BF /* Debug */ = {
			isa = XCBuildConfiguration;
			buildSettings = {
				ALWAYS_SEARCH_USER_PATHS = NO;
				CLANG_ANALYZER_NONNULL = YES;
				CLANG_CXX_LANGUAGE_STANDARD = "gnu++0x";
				CLANG_CXX_LIBRARY = "libc++";
				CLANG_ENABLE_MODULES = YES;
				CLANG_ENABLE_OBJC_ARC = YES;
				CLANG_WARN_BOOL_CONVERSION = YES;
				CLANG_WARN_CONSTANT_CONVERSION = YES;
				CLANG_WARN_DIRECT_OBJC_ISA_USAGE = YES_ERROR;
				CLANG_WARN_EMPTY_BODY = YES;
				CLANG_WARN_ENUM_CONVERSION = YES;
				CLANG_WARN_INT_CONVERSION = YES;
				CLANG_WARN_OBJC_ROOT_CLASS = YES_ERROR;
				CLANG_WARN_UNREACHABLE_CODE = YES;
				CLANG_WARN__DUPLICATE_METHOD_MATCH = YES;
				"CODE_SIGN_IDENTITY[sdk=iphoneos*]" = "iPhone Developer";
				COPY_PHASE_STRIP = NO;
				DEBUG_INFORMATION_FORMAT = dwarf;
				ENABLE_STRICT_OBJC_MSGSEND = YES;
				ENABLE_TESTABILITY = YES;
				GCC_C_LANGUAGE_STANDARD = gnu99;
				GCC_DYNAMIC_NO_PIC = NO;
				GCC_NO_COMMON_BLOCKS = YES;
				GCC_OPTIMIZATION_LEVEL = 0;
				GCC_PREPROCESSOR_DEFINITIONS = (
					"DEBUG=1",
					"$(inherited)",
				);
				GCC_WARN_64_TO_32_BIT_CONVERSION = YES;
				GCC_WARN_ABOUT_RETURN_TYPE = YES_ERROR;
				GCC_WARN_UNDECLARED_SELECTOR = YES;
				GCC_WARN_UNINITIALIZED_AUTOS = YES_AGGRESSIVE;
				GCC_WARN_UNUSED_FUNCTION = YES;
				GCC_WARN_UNUSED_VARIABLE = YES;
				IPHONEOS_DEPLOYMENT_TARGET = 9.3;
				MTL_ENABLE_DEBUG_INFO = YES;
				ONLY_ACTIVE_ARCH = YES;
				SDKROOT = iphoneos;
				SWIFT_OPTIMIZATION_LEVEL = "-Onone";
				TARGETED_DEVICE_FAMILY = "1,2";
			};
			name = Debug;
		};
		682E1E991D7557D800E422BF /* Release */ = {
			isa = XCBuildConfiguration;
			buildSettings = {
				ALWAYS_SEARCH_USER_PATHS = NO;
				CLANG_ANALYZER_NONNULL = YES;
				CLANG_CXX_LANGUAGE_STANDARD = "gnu++0x";
				CLANG_CXX_LIBRARY = "libc++";
				CLANG_ENABLE_MODULES = YES;
				CLANG_ENABLE_OBJC_ARC = YES;
				CLANG_WARN_BOOL_CONVERSION = YES;
				CLANG_WARN_CONSTANT_CONVERSION = YES;
				CLANG_WARN_DIRECT_OBJC_ISA_USAGE = YES_ERROR;
				CLANG_WARN_EMPTY_BODY = YES;
				CLANG_WARN_ENUM_CONVERSION = YES;
				CLANG_WARN_INT_CONVERSION = YES;
				CLANG_WARN_OBJC_ROOT_CLASS = YES_ERROR;
				CLANG_WARN_UNREACHABLE_CODE = YES;
				CLANG_WARN__DUPLICATE_METHOD_MATCH = YES;
				"CODE_SIGN_IDENTITY[sdk=iphoneos*]" = "iPhone Developer";
				COPY_PHASE_STRIP = NO;
				DEBUG_INFORMATION_FORMAT = "dwarf-with-dsym";
				ENABLE_NS_ASSERTIONS = NO;
				ENABLE_STRICT_OBJC_MSGSEND = YES;
				GCC_C_LANGUAGE_STANDARD = gnu99;
				GCC_NO_COMMON_BLOCKS = YES;
				GCC_WARN_64_TO_32_BIT_CONVERSION = YES;
				GCC_WARN_ABOUT_RETURN_TYPE = YES_ERROR;
				GCC_WARN_UNDECLARED_SELECTOR = YES;
				GCC_WARN_UNINITIALIZED_AUTOS = YES_AGGRESSIVE;
				GCC_WARN_UNUSED_FUNCTION = YES;
				GCC_WARN_UNUSED_VARIABLE = YES;
				IPHONEOS_DEPLOYMENT_TARGET = 9.3;
				MTL_ENABLE_DEBUG_INFO = NO;
				SDKROOT = iphoneos;
				TARGETED_DEVICE_FAMILY = "1,2";
				VALIDATE_PRODUCT = YES;
			};
			name = Release;
		};
		682E1E9B1D7557D800E422BF /* Debug */ = {
			isa = XCBuildConfiguration;
			buildSettings = {
				ASSETCATALOG_COMPILER_APPICON_NAME = AppIcon;
				INFOPLIST_FILE = Inheritance/Info.plist;
				LD_RUNPATH_SEARCH_PATHS = "$(inherited) @executable_path/Frameworks";
				PRODUCT_BUNDLE_IDENTIFIER = com.hanwei.Inheritance;
				PRODUCT_NAME = "$(TARGET_NAME)";
			};
			name = Debug;
		};
		682E1E9C1D7557D800E422BF /* Release */ = {
			isa = XCBuildConfiguration;
			buildSettings = {
				ASSETCATALOG_COMPILER_APPICON_NAME = AppIcon;
				INFOPLIST_FILE = Inheritance/Info.plist;
				LD_RUNPATH_SEARCH_PATHS = "$(inherited) @executable_path/Frameworks";
				PRODUCT_BUNDLE_IDENTIFIER = com.hanwei.Inheritance;
				PRODUCT_NAME = "$(TARGET_NAME)";
			};
			name = Release;
		};
/* End XCBuildConfiguration section */

/* Begin XCConfigurationList section */
		682E1E831D7557D800E422BF /* Build configuration list for PBXProject "Inheritance" */ = {
			isa = XCConfigurationList;
			buildConfigurations = (
				682E1E981D7557D800E422BF /* Debug */,
				682E1E991D7557D800E422BF /* Release */,
			);
			defaultConfigurationIsVisible = 0;
			defaultConfigurationName = Release;
		};
		682E1E9A1D7557D800E422BF /* Build configuration list for PBXNativeTarget "Inheritance" */ = {
			isa = XCConfigurationList;
			buildConfigurations = (
				682E1E9B1D7557D800E422BF /* Debug */,
				682E1E9C1D7557D800E422BF /* Release */,
			);
			defaultConfigurationIsVisible = 0;
		};
/* End XCConfigurationList section */
	};
	rootObject = 682E1E801D7557D800E422BF /* Project object */;
}
